
Microsoft Visual Studio Solution File, Format Version 12.00
# Visual Studio Version 16
VisualStudioVersion = 16.0.29306.81
MinimumVisualStudioVersion = 10.0.40219.1
Project("{FAE04EC0-301F-11D3-BF4B-00C04F79EFBC}") = "Add VAT", "Add VAT\Add VAT.csproj", "{D4F26B85-E258-4FF5-B074-FA0C161EF996}"
EndProject
Global
	GlobalSection(SolutionConfigurationPlatforms) = preSolution
		Debug|Any CPU = Debug|Any CPU
		Release|Any CPU = Release|Any CPU
	EndGlobalSection
	GlobalSection(ProjectConfigurationPlatforms) = postSolution
		{D4F26B85-E258-4FF5-B074-FA0C161EF996}.Debug|Any CPU.ActiveCfg = Debug|Any CPU
		{D4F26B85-E258-4FF5-B074-FA0C161EF996}.Debug|Any CPU.Build.0 = Debug|Any CPU
		{D4F26B85-E258-4FF5-B074-FA0C161EF996}.Release|Any CPU.ActiveCfg = Release|Any CPU
		{D4F26B85-E258-4FF5-B074-FA0C161EF996}.Release|Any CPU.Build.0 = Release|Any CPU
	EndGlobalSection
	GlobalSection(SolutionProperties) = preSolution
		HideSolutionNode = FALSE
	EndGlobalSection
	GlobalSection(ExtensibilityGlobals) = postSolution
		SolutionGuid = {55F7915A-F037-4D8B-BB0F-268A0689EB7E}
	EndGlobalSection
EndGlobal
