
Microsoft Visual Studio Solution File, Format Version 12.00
# Visual Studio Version 16
VisualStudioVersion = 16.0.29306.81
MinimumVisualStudioVersion = 10.0.40219.1
Project("{FAE04EC0-301F-11D3-BF4B-00C04F79EFBC}") = "Even Times", "Even Times\Even Times.csproj", "{758683F8-445F-4F8A-8A36-4F94796985AE}"
EndProject
Global
	GlobalSection(SolutionConfigurationPlatforms) = preSolution
		Debug|Any CPU = Debug|Any CPU
		Release|Any CPU = Release|Any CPU
	EndGlobalSection
	GlobalSection(ProjectConfigurationPlatforms) = postSolution
		{758683F8-445F-4F8A-8A36-4F94796985AE}.Debug|Any CPU.ActiveCfg = Debug|Any CPU
		{758683F8-445F-4F8A-8A36-4F94796985AE}.Debug|Any CPU.Build.0 = Debug|Any CPU
		{758683F8-445F-4F8A-8A36-4F94796985AE}.Release|Any CPU.ActiveCfg = Release|Any CPU
		{758683F8-445F-4F8A-8A36-4F94796985AE}.Release|Any CPU.Build.0 = Release|Any CPU
	EndGlobalSection
	GlobalSection(SolutionProperties) = preSolution
		HideSolutionNode = FALSE
	EndGlobalSection
	GlobalSection(ExtensibilityGlobals) = postSolution
		SolutionGuid = {876A7C9B-6DA2-4BD3-B019-90127CC48EF5}
	EndGlobalSection
EndGlobal
