
Microsoft Visual Studio Solution File, Format Version 12.00
# Visual Studio Version 16
VisualStudioVersion = 16.0.29306.81
MinimumVisualStudioVersion = 10.0.40219.1
Project("{FAE04EC0-301F-11D3-BF4B-00C04F79EFBC}") = "Opinion Poll", "Opinion Poll\Opinion Poll.csproj", "{5D5D58CC-9535-4278-BE37-B9BDD47A4E84}"
EndProject
Global
	GlobalSection(SolutionConfigurationPlatforms) = preSolution
		Debug|Any CPU = Debug|Any CPU
		Release|Any CPU = Release|Any CPU
	EndGlobalSection
	GlobalSection(ProjectConfigurationPlatforms) = postSolution
		{5D5D58CC-9535-4278-BE37-B9BDD47A4E84}.Debug|Any CPU.ActiveCfg = Debug|Any CPU
		{5D5D58CC-9535-4278-BE37-B9BDD47A4E84}.Debug|Any CPU.Build.0 = Debug|Any CPU
		{5D5D58CC-9535-4278-BE37-B9BDD47A4E84}.Release|Any CPU.ActiveCfg = Release|Any CPU
		{5D5D58CC-9535-4278-BE37-B9BDD47A4E84}.Release|Any CPU.Build.0 = Release|Any CPU
	EndGlobalSection
	GlobalSection(SolutionProperties) = preSolution
		HideSolutionNode = FALSE
	EndGlobalSection
	GlobalSection(ExtensibilityGlobals) = postSolution
		SolutionGuid = {746F0ADE-F8A5-416D-869B-35EE29088FA1}
	EndGlobalSection
EndGlobal
