
Microsoft Visual Studio Solution File, Format Version 12.00
# Visual Studio Version 16
VisualStudioVersion = 16.0.29306.81
MinimumVisualStudioVersion = 10.0.40219.1
Project("{FAE04EC0-301F-11D3-BF4B-00C04F79EFBC}") = "DiplomatData", "DiplomatData\DiplomatData.csproj", "{7CC35E99-8E54-4D12-B7A0-3AC913229D77}"
EndProject
Global
	GlobalSection(SolutionConfigurationPlatforms) = preSolution
		Debug|Any CPU = Debug|Any CPU
		Release|Any CPU = Release|Any CPU
	EndGlobalSection
	GlobalSection(ProjectConfigurationPlatforms) = postSolution
		{7CC35E99-8E54-4D12-B7A0-3AC913229D77}.Debug|Any CPU.ActiveCfg = Debug|Any CPU
		{7CC35E99-8E54-4D12-B7A0-3AC913229D77}.Debug|Any CPU.Build.0 = Debug|Any CPU
		{7CC35E99-8E54-4D12-B7A0-3AC913229D77}.Release|Any CPU.ActiveCfg = Release|Any CPU
		{7CC35E99-8E54-4D12-B7A0-3AC913229D77}.Release|Any CPU.Build.0 = Release|Any CPU
	EndGlobalSection
	GlobalSection(SolutionProperties) = preSolution
		HideSolutionNode = FALSE
	EndGlobalSection
	GlobalSection(ExtensibilityGlobals) = postSolution
		SolutionGuid = {12E3B9E5-5E63-4184-91E2-261847312F6D}
	EndGlobalSection
EndGlobal
