
Microsoft Visual Studio Solution File, Format Version 12.00
# Visual Studio Version 16
VisualStudioVersion = 16.0.29306.81
MinimumVisualStudioVersion = 10.0.40219.1
Project("{FAE04EC0-301F-11D3-BF4B-00C04F79EFBC}") = "StartUp", "StartUp\StartUp.csproj", "{7E6B36DD-5AD9-4E18-82A1-03420C1A1C41}"
EndProject
Global
	GlobalSection(SolutionConfigurationPlatforms) = preSolution
		Debug|Any CPU = Debug|Any CPU
		Release|Any CPU = Release|Any CPU
	EndGlobalSection
	GlobalSection(ProjectConfigurationPlatforms) = postSolution
		{7E6B36DD-5AD9-4E18-82A1-03420C1A1C41}.Debug|Any CPU.ActiveCfg = Debug|Any CPU
		{7E6B36DD-5AD9-4E18-82A1-03420C1A1C41}.Debug|Any CPU.Build.0 = Debug|Any CPU
		{7E6B36DD-5AD9-4E18-82A1-03420C1A1C41}.Release|Any CPU.ActiveCfg = Release|Any CPU
		{7E6B36DD-5AD9-4E18-82A1-03420C1A1C41}.Release|Any CPU.Build.0 = Release|Any CPU
	EndGlobalSection
	GlobalSection(SolutionProperties) = preSolution
		HideSolutionNode = FALSE
	EndGlobalSection
	GlobalSection(ExtensibilityGlobals) = postSolution
		SolutionGuid = {B13CB89F-5ACE-44EF-A963-D1A514084C53}
	EndGlobalSection
EndGlobal
