
Microsoft Visual Studio Solution File, Format Version 12.00
# Visual Studio Version 16
VisualStudioVersion = 16.0.29306.81
MinimumVisualStudioVersion = 10.0.40219.1
Project("{FAE04EC0-301F-11D3-BF4B-00C04F79EFBC}") = "Line Numbers2", "Line Numbers2\Line Numbers2.csproj", "{100213F8-6B1D-49BC-9668-9B47C7052876}"
EndProject
Global
	GlobalSection(SolutionConfigurationPlatforms) = preSolution
		Debug|Any CPU = Debug|Any CPU
		Release|Any CPU = Release|Any CPU
	EndGlobalSection
	GlobalSection(ProjectConfigurationPlatforms) = postSolution
		{100213F8-6B1D-49BC-9668-9B47C7052876}.Debug|Any CPU.ActiveCfg = Debug|Any CPU
		{100213F8-6B1D-49BC-9668-9B47C7052876}.Debug|Any CPU.Build.0 = Debug|Any CPU
		{100213F8-6B1D-49BC-9668-9B47C7052876}.Release|Any CPU.ActiveCfg = Release|Any CPU
		{100213F8-6B1D-49BC-9668-9B47C7052876}.Release|Any CPU.Build.0 = Release|Any CPU
	EndGlobalSection
	GlobalSection(SolutionProperties) = preSolution
		HideSolutionNode = FALSE
	EndGlobalSection
	GlobalSection(ExtensibilityGlobals) = postSolution
		SolutionGuid = {42021214-7FD0-4670-A61F-B6AA868C6C12}
	EndGlobalSection
EndGlobal
