
Microsoft Visual Studio Solution File, Format Version 12.00
# Visual Studio Version 16
VisualStudioVersion = 16.0.29306.81
MinimumVisualStudioVersion = 10.0.40219.1
Project("{FAE04EC0-301F-11D3-BF4B-00C04F79EFBC}") = "Diagonal Difference", "Diagonal Difference\Diagonal Difference.csproj", "{9BF47672-D665-4E9A-BE87-60442F0C603A}"
EndProject
Global
	GlobalSection(SolutionConfigurationPlatforms) = preSolution
		Debug|Any CPU = Debug|Any CPU
		Release|Any CPU = Release|Any CPU
	EndGlobalSection
	GlobalSection(ProjectConfigurationPlatforms) = postSolution
		{9BF47672-D665-4E9A-BE87-60442F0C603A}.Debug|Any CPU.ActiveCfg = Debug|Any CPU
		{9BF47672-D665-4E9A-BE87-60442F0C603A}.Debug|Any CPU.Build.0 = Debug|Any CPU
		{9BF47672-D665-4E9A-BE87-60442F0C603A}.Release|Any CPU.ActiveCfg = Release|Any CPU
		{9BF47672-D665-4E9A-BE87-60442F0C603A}.Release|Any CPU.Build.0 = Release|Any CPU
	EndGlobalSection
	GlobalSection(SolutionProperties) = preSolution
		HideSolutionNode = FALSE
	EndGlobalSection
	GlobalSection(ExtensibilityGlobals) = postSolution
		SolutionGuid = {B96CF460-3944-4F69-8A16-DD30FEEC69A5}
	EndGlobalSection
EndGlobal
