
Microsoft Visual Studio Solution File, Format Version 12.00
# Visual Studio Version 16
VisualStudioVersion = 16.0.29306.81
MinimumVisualStudioVersion = 10.0.40219.1
Project("{FAE04EC0-301F-11D3-BF4B-00C04F79EFBC}") = "Parking Lot", "Parking Lot\Parking Lot.csproj", "{AAEDF558-DA3D-47B8-89FD-13006EBABE3B}"
EndProject
Global
	GlobalSection(SolutionConfigurationPlatforms) = preSolution
		Debug|Any CPU = Debug|Any CPU
		Release|Any CPU = Release|Any CPU
	EndGlobalSection
	GlobalSection(ProjectConfigurationPlatforms) = postSolution
		{AAEDF558-DA3D-47B8-89FD-13006EBABE3B}.Debug|Any CPU.ActiveCfg = Debug|Any CPU
		{AAEDF558-DA3D-47B8-89FD-13006EBABE3B}.Debug|Any CPU.Build.0 = Debug|Any CPU
		{AAEDF558-DA3D-47B8-89FD-13006EBABE3B}.Release|Any CPU.ActiveCfg = Release|Any CPU
		{AAEDF558-DA3D-47B8-89FD-13006EBABE3B}.Release|Any CPU.Build.0 = Release|Any CPU
	EndGlobalSection
	GlobalSection(SolutionProperties) = preSolution
		HideSolutionNode = FALSE
	EndGlobalSection
	GlobalSection(ExtensibilityGlobals) = postSolution
		SolutionGuid = {55CB4F54-135A-4DBF-94E6-2E126ECD0D23}
	EndGlobalSection
EndGlobal
