
Microsoft Visual Studio Solution File, Format Version 12.00
# Visual Studio Version 16
VisualStudioVersion = 16.0.29306.81
MinimumVisualStudioVersion = 10.0.40219.1
Project("{FAE04EC0-301F-11D3-BF4B-00C04F79EFBC}") = "Maximal Sum", "Maximal Sum\Maximal Sum.csproj", "{F4632655-D4C1-4D07-B2A6-CE7AAF3280B2}"
EndProject
Global
	GlobalSection(SolutionConfigurationPlatforms) = preSolution
		Debug|Any CPU = Debug|Any CPU
		Release|Any CPU = Release|Any CPU
	EndGlobalSection
	GlobalSection(ProjectConfigurationPlatforms) = postSolution
		{F4632655-D4C1-4D07-B2A6-CE7AAF3280B2}.Debug|Any CPU.ActiveCfg = Debug|Any CPU
		{F4632655-D4C1-4D07-B2A6-CE7AAF3280B2}.Debug|Any CPU.Build.0 = Debug|Any CPU
		{F4632655-D4C1-4D07-B2A6-CE7AAF3280B2}.Release|Any CPU.ActiveCfg = Release|Any CPU
		{F4632655-D4C1-4D07-B2A6-CE7AAF3280B2}.Release|Any CPU.Build.0 = Release|Any CPU
	EndGlobalSection
	GlobalSection(SolutionProperties) = preSolution
		HideSolutionNode = FALSE
	EndGlobalSection
	GlobalSection(ExtensibilityGlobals) = postSolution
		SolutionGuid = {CBF2F890-C4CA-4A46-88D3-F524C7BBBA4B}
	EndGlobalSection
EndGlobal
