
Microsoft Visual Studio Solution File, Format Version 12.00
# Visual Studio Version 16
VisualStudioVersion = 16.0.29306.81
MinimumVisualStudioVersion = 10.0.40219.1
Project("{FAE04EC0-301F-11D3-BF4B-00C04F79EFBC}") = "Sum Numbers", "Sum Numbers\Sum Numbers.csproj", "{18766C1F-D71C-42F4-B53F-F257809B6A85}"
EndProject
Global
	GlobalSection(SolutionConfigurationPlatforms) = preSolution
		Debug|Any CPU = Debug|Any CPU
		Release|Any CPU = Release|Any CPU
	EndGlobalSection
	GlobalSection(ProjectConfigurationPlatforms) = postSolution
		{18766C1F-D71C-42F4-B53F-F257809B6A85}.Debug|Any CPU.ActiveCfg = Debug|Any CPU
		{18766C1F-D71C-42F4-B53F-F257809B6A85}.Debug|Any CPU.Build.0 = Debug|Any CPU
		{18766C1F-D71C-42F4-B53F-F257809B6A85}.Release|Any CPU.ActiveCfg = Release|Any CPU
		{18766C1F-D71C-42F4-B53F-F257809B6A85}.Release|Any CPU.Build.0 = Release|Any CPU
	EndGlobalSection
	GlobalSection(SolutionProperties) = preSolution
		HideSolutionNode = FALSE
	EndGlobalSection
	GlobalSection(ExtensibilityGlobals) = postSolution
		SolutionGuid = {05CD3017-A15A-409F-ABFF-A8D841497863}
	EndGlobalSection
EndGlobal
