
Microsoft Visual Studio Solution File, Format Version 12.00
# Visual Studio Version 16
VisualStudioVersion = 16.0.29306.81
MinimumVisualStudioVersion = 10.0.40219.1
Project("{FAE04EC0-301F-11D3-BF4B-00C04F79EFBC}") = "Maximum and Minimum Element", "Maximum and Minimum Element\Maximum and Minimum Element.csproj", "{EB4A34A2-E36E-479E-A3D7-346F3F53A3E8}"
EndProject
Global
	GlobalSection(SolutionConfigurationPlatforms) = preSolution
		Debug|Any CPU = Debug|Any CPU
		Release|Any CPU = Release|Any CPU
	EndGlobalSection
	GlobalSection(ProjectConfigurationPlatforms) = postSolution
		{EB4A34A2-E36E-479E-A3D7-346F3F53A3E8}.Debug|Any CPU.ActiveCfg = Debug|Any CPU
		{EB4A34A2-E36E-479E-A3D7-346F3F53A3E8}.Debug|Any CPU.Build.0 = Debug|Any CPU
		{EB4A34A2-E36E-479E-A3D7-346F3F53A3E8}.Release|Any CPU.ActiveCfg = Release|Any CPU
		{EB4A34A2-E36E-479E-A3D7-346F3F53A3E8}.Release|Any CPU.Build.0 = Release|Any CPU
	EndGlobalSection
	GlobalSection(SolutionProperties) = preSolution
		HideSolutionNode = FALSE
	EndGlobalSection
	GlobalSection(ExtensibilityGlobals) = postSolution
		SolutionGuid = {05AD759C-1A80-413E-A918-11BC29F978F2}
	EndGlobalSection
EndGlobal
