
Microsoft Visual Studio Solution File, Format Version 12.00
# Visual Studio Version 16
VisualStudioVersion = 16.0.29306.81
MinimumVisualStudioVersion = 10.0.40219.1
Project("{FAE04EC0-301F-11D3-BF4B-00C04F79EFBC}") = "Special Cars", "Special Cars\Special Cars.csproj", "{60AE38FB-6C60-4560-902D-A18AACC6DE21}"
EndProject
Global
	GlobalSection(SolutionConfigurationPlatforms) = preSolution
		Debug|Any CPU = Debug|Any CPU
		Release|Any CPU = Release|Any CPU
	EndGlobalSection
	GlobalSection(ProjectConfigurationPlatforms) = postSolution
		{60AE38FB-6C60-4560-902D-A18AACC6DE21}.Debug|Any CPU.ActiveCfg = Debug|Any CPU
		{60AE38FB-6C60-4560-902D-A18AACC6DE21}.Debug|Any CPU.Build.0 = Debug|Any CPU
		{60AE38FB-6C60-4560-902D-A18AACC6DE21}.Release|Any CPU.ActiveCfg = Release|Any CPU
		{60AE38FB-6C60-4560-902D-A18AACC6DE21}.Release|Any CPU.Build.0 = Release|Any CPU
	EndGlobalSection
	GlobalSection(SolutionProperties) = preSolution
		HideSolutionNode = FALSE
	EndGlobalSection
	GlobalSection(ExtensibilityGlobals) = postSolution
		SolutionGuid = {7CD56F69-7D96-4A15-BFBB-2EBB9A4BADFA}
	EndGlobalSection
EndGlobal
