
Microsoft Visual Studio Solution File, Format Version 12.00
# Visual Studio Version 16
VisualStudioVersion = 16.0.29306.81
MinimumVisualStudioVersion = 10.0.40219.1
Project("{FAE04EC0-301F-11D3-BF4B-00C04F79EFBC}") = "Merge Files", "Merge Files\Merge Files.csproj", "{3D099CB5-82EE-48E5-8BE5-883B158902CE}"
EndProject
Global
	GlobalSection(SolutionConfigurationPlatforms) = preSolution
		Debug|Any CPU = Debug|Any CPU
		Release|Any CPU = Release|Any CPU
	EndGlobalSection
	GlobalSection(ProjectConfigurationPlatforms) = postSolution
		{3D099CB5-82EE-48E5-8BE5-883B158902CE}.Debug|Any CPU.ActiveCfg = Debug|Any CPU
		{3D099CB5-82EE-48E5-8BE5-883B158902CE}.Debug|Any CPU.Build.0 = Debug|Any CPU
		{3D099CB5-82EE-48E5-8BE5-883B158902CE}.Release|Any CPU.ActiveCfg = Release|Any CPU
		{3D099CB5-82EE-48E5-8BE5-883B158902CE}.Release|Any CPU.Build.0 = Release|Any CPU
	EndGlobalSection
	GlobalSection(SolutionProperties) = preSolution
		HideSolutionNode = FALSE
	EndGlobalSection
	GlobalSection(ExtensibilityGlobals) = postSolution
		SolutionGuid = {4B57477D-FDD3-43DB-B381-0274B2422DFB}
	EndGlobalSection
EndGlobal
