
Microsoft Visual Studio Solution File, Format Version 12.00
# Visual Studio Version 16
VisualStudioVersion = 16.0.29920.165
MinimumVisualStudioVersion = 10.0.40219.1
Project("{FAE04EC0-301F-11D3-BF4B-00C04F79EFBC}") = "Comparable Book", "Comparable Book\Comparable Book.csproj", "{20BC1C8B-B064-4C19-8F85-E22A3876D95A}"
EndProject
Global
	GlobalSection(SolutionConfigurationPlatforms) = preSolution
		Debug|Any CPU = Debug|Any CPU
		Release|Any CPU = Release|Any CPU
	EndGlobalSection
	GlobalSection(ProjectConfigurationPlatforms) = postSolution
		{20BC1C8B-B064-4C19-8F85-E22A3876D95A}.Debug|Any CPU.ActiveCfg = Debug|Any CPU
		{20BC1C8B-B064-4C19-8F85-E22A3876D95A}.Debug|Any CPU.Build.0 = Debug|Any CPU
		{20BC1C8B-B064-4C19-8F85-E22A3876D95A}.Release|Any CPU.ActiveCfg = Release|Any CPU
		{20BC1C8B-B064-4C19-8F85-E22A3876D95A}.Release|Any CPU.Build.0 = Release|Any CPU
	EndGlobalSection
	GlobalSection(SolutionProperties) = preSolution
		HideSolutionNode = FALSE
	EndGlobalSection
	GlobalSection(ExtensibilityGlobals) = postSolution
		SolutionGuid = {9E73B6BC-8C30-44BD-B0C6-06E1D401D373}
	EndGlobalSection
EndGlobal
