
Microsoft Visual Studio Solution File, Format Version 12.00
# Visual Studio Version 16
VisualStudioVersion = 16.0.29306.81
MinimumVisualStudioVersion = 10.0.40219.1
Project("{FAE04EC0-301F-11D3-BF4B-00C04F79EFBC}") = "Custom Comparator", "Custom Comparator\Custom Comparator.csproj", "{CA378EAA-F7B1-4011-9DAC-D8091983F378}"
EndProject
Global
	GlobalSection(SolutionConfigurationPlatforms) = preSolution
		Debug|Any CPU = Debug|Any CPU
		Release|Any CPU = Release|Any CPU
	EndGlobalSection
	GlobalSection(ProjectConfigurationPlatforms) = postSolution
		{CA378EAA-F7B1-4011-9DAC-D8091983F378}.Debug|Any CPU.ActiveCfg = Debug|Any CPU
		{CA378EAA-F7B1-4011-9DAC-D8091983F378}.Debug|Any CPU.Build.0 = Debug|Any CPU
		{CA378EAA-F7B1-4011-9DAC-D8091983F378}.Release|Any CPU.ActiveCfg = Release|Any CPU
		{CA378EAA-F7B1-4011-9DAC-D8091983F378}.Release|Any CPU.Build.0 = Release|Any CPU
	EndGlobalSection
	GlobalSection(SolutionProperties) = preSolution
		HideSolutionNode = FALSE
	EndGlobalSection
	GlobalSection(ExtensibilityGlobals) = postSolution
		SolutionGuid = {D48D4964-0166-4B61-BD54-CC0FDF7DC2FF}
	EndGlobalSection
EndGlobal
