
Microsoft Visual Studio Solution File, Format Version 12.00
# Visual Studio Version 16
VisualStudioVersion = 16.0.29306.81
MinimumVisualStudioVersion = 10.0.40219.1
Project("{FAE04EC0-301F-11D3-BF4B-00C04F79EFBC}") = "Line Numbers", "Line Numbers\Line Numbers.csproj", "{632D9DF7-7713-4D5B-BAAC-9806B549EC9E}"
EndProject
Global
	GlobalSection(SolutionConfigurationPlatforms) = preSolution
		Debug|Any CPU = Debug|Any CPU
		Release|Any CPU = Release|Any CPU
	EndGlobalSection
	GlobalSection(ProjectConfigurationPlatforms) = postSolution
		{632D9DF7-7713-4D5B-BAAC-9806B549EC9E}.Debug|Any CPU.ActiveCfg = Debug|Any CPU
		{632D9DF7-7713-4D5B-BAAC-9806B549EC9E}.Debug|Any CPU.Build.0 = Debug|Any CPU
		{632D9DF7-7713-4D5B-BAAC-9806B549EC9E}.Release|Any CPU.ActiveCfg = Release|Any CPU
		{632D9DF7-7713-4D5B-BAAC-9806B549EC9E}.Release|Any CPU.Build.0 = Release|Any CPU
	EndGlobalSection
	GlobalSection(SolutionProperties) = preSolution
		HideSolutionNode = FALSE
	EndGlobalSection
	GlobalSection(ExtensibilityGlobals) = postSolution
		SolutionGuid = {50E17E05-314F-48F8-B1A9-5729AEC39E4A}
	EndGlobalSection
EndGlobal
