
Microsoft Visual Studio Solution File, Format Version 12.00
# Visual Studio Version 16
VisualStudioVersion = 16.0.29306.81
MinimumVisualStudioVersion = 10.0.40219.1
Project("{FAE04EC0-301F-11D3-BF4B-00C04F79EFBC}") = "Record Unique Names", "Record Unique Names\Record Unique Names.csproj", "{ACB7FFDC-FB91-4524-926D-6DA03270D711}"
EndProject
Global
	GlobalSection(SolutionConfigurationPlatforms) = preSolution
		Debug|Any CPU = Debug|Any CPU
		Release|Any CPU = Release|Any CPU
	EndGlobalSection
	GlobalSection(ProjectConfigurationPlatforms) = postSolution
		{ACB7FFDC-FB91-4524-926D-6DA03270D711}.Debug|Any CPU.ActiveCfg = Debug|Any CPU
		{ACB7FFDC-FB91-4524-926D-6DA03270D711}.Debug|Any CPU.Build.0 = Debug|Any CPU
		{ACB7FFDC-FB91-4524-926D-6DA03270D711}.Release|Any CPU.ActiveCfg = Release|Any CPU
		{ACB7FFDC-FB91-4524-926D-6DA03270D711}.Release|Any CPU.Build.0 = Release|Any CPU
	EndGlobalSection
	GlobalSection(SolutionProperties) = preSolution
		HideSolutionNode = FALSE
	EndGlobalSection
	GlobalSection(ExtensibilityGlobals) = postSolution
		SolutionGuid = {7B4D86DC-97C9-4B99-B3A5-1AA434DBC86B}
	EndGlobalSection
EndGlobal
