
Microsoft Visual Studio Solution File, Format Version 12.00
# Visual Studio Version 16
VisualStudioVersion = 16.0.29306.81
MinimumVisualStudioVersion = 10.0.40219.1
Project("{FAE04EC0-301F-11D3-BF4B-00C04F79EFBC}") = "Squares in Matrix", "Squares in Matrix\Squares in Matrix.csproj", "{FED5B8BD-D765-4A8B-8BBB-878B194BA961}"
EndProject
Global
	GlobalSection(SolutionConfigurationPlatforms) = preSolution
		Debug|Any CPU = Debug|Any CPU
		Release|Any CPU = Release|Any CPU
	EndGlobalSection
	GlobalSection(ProjectConfigurationPlatforms) = postSolution
		{FED5B8BD-D765-4A8B-8BBB-878B194BA961}.Debug|Any CPU.ActiveCfg = Debug|Any CPU
		{FED5B8BD-D765-4A8B-8BBB-878B194BA961}.Debug|Any CPU.Build.0 = Debug|Any CPU
		{FED5B8BD-D765-4A8B-8BBB-878B194BA961}.Release|Any CPU.ActiveCfg = Release|Any CPU
		{FED5B8BD-D765-4A8B-8BBB-878B194BA961}.Release|Any CPU.Build.0 = Release|Any CPU
	EndGlobalSection
	GlobalSection(SolutionProperties) = preSolution
		HideSolutionNode = FALSE
	EndGlobalSection
	GlobalSection(ExtensibilityGlobals) = postSolution
		SolutionGuid = {294656BE-8430-42BA-BB34-A5A514D3B173}
	EndGlobalSection
EndGlobal
