
Microsoft Visual Studio Solution File, Format Version 12.00
# Visual Studio Version 16
VisualStudioVersion = 16.0.29306.81
MinimumVisualStudioVersion = 10.0.40219.1
Project("{FAE04EC0-301F-11D3-BF4B-00C04F79EFBC}") = "List of Predicates", "List of Predicates\List of Predicates.csproj", "{F4B9E6CB-591B-4063-A019-932211FA743B}"
EndProject
Global
	GlobalSection(SolutionConfigurationPlatforms) = preSolution
		Debug|Any CPU = Debug|Any CPU
		Release|Any CPU = Release|Any CPU
	EndGlobalSection
	GlobalSection(ProjectConfigurationPlatforms) = postSolution
		{F4B9E6CB-591B-4063-A019-932211FA743B}.Debug|Any CPU.ActiveCfg = Debug|Any CPU
		{F4B9E6CB-591B-4063-A019-932211FA743B}.Debug|Any CPU.Build.0 = Debug|Any CPU
		{F4B9E6CB-591B-4063-A019-932211FA743B}.Release|Any CPU.ActiveCfg = Release|Any CPU
		{F4B9E6CB-591B-4063-A019-932211FA743B}.Release|Any CPU.Build.0 = Release|Any CPU
	EndGlobalSection
	GlobalSection(SolutionProperties) = preSolution
		HideSolutionNode = FALSE
	EndGlobalSection
	GlobalSection(ExtensibilityGlobals) = postSolution
		SolutionGuid = {F420AFB2-7E2D-4147-926D-8A756C34021E}
	EndGlobalSection
EndGlobal
