
Microsoft Visual Studio Solution File, Format Version 12.00
# Visual Studio Version 16
VisualStudioVersion = 16.0.29306.81
MinimumVisualStudioVersion = 10.0.40219.1
Project("{FAE04EC0-301F-11D3-BF4B-00C04F79EFBC}") = "Basic Stack Operations", "Basic Stack Operations\Basic Stack Operations.csproj", "{A0FC7D71-788C-4369-8F8B-82BF8321F96C}"
EndProject
Global
	GlobalSection(SolutionConfigurationPlatforms) = preSolution
		Debug|Any CPU = Debug|Any CPU
		Release|Any CPU = Release|Any CPU
	EndGlobalSection
	GlobalSection(ProjectConfigurationPlatforms) = postSolution
		{A0FC7D71-788C-4369-8F8B-82BF8321F96C}.Debug|Any CPU.ActiveCfg = Debug|Any CPU
		{A0FC7D71-788C-4369-8F8B-82BF8321F96C}.Debug|Any CPU.Build.0 = Debug|Any CPU
		{A0FC7D71-788C-4369-8F8B-82BF8321F96C}.Release|Any CPU.ActiveCfg = Release|Any CPU
		{A0FC7D71-788C-4369-8F8B-82BF8321F96C}.Release|Any CPU.Build.0 = Release|Any CPU
	EndGlobalSection
	GlobalSection(SolutionProperties) = preSolution
		HideSolutionNode = FALSE
	EndGlobalSection
	GlobalSection(ExtensibilityGlobals) = postSolution
		SolutionGuid = {933AB18C-FDFE-40BA-AB39-33A83A4FD64E}
	EndGlobalSection
EndGlobal
