
Microsoft Visual Studio Solution File, Format Version 12.00
# Visual Studio Version 16
VisualStudioVersion = 16.0.29920.165
MinimumVisualStudioVersion = 10.0.40219.1
Project("{FAE04EC0-301F-11D3-BF4B-00C04F79EFBC}") = "Library Iterator", "Library Iterator\Library Iterator.csproj", "{A545F155-2968-432E-875D-95A1F771A9BD}"
EndProject
Global
	GlobalSection(SolutionConfigurationPlatforms) = preSolution
		Debug|Any CPU = Debug|Any CPU
		Release|Any CPU = Release|Any CPU
	EndGlobalSection
	GlobalSection(ProjectConfigurationPlatforms) = postSolution
		{A545F155-2968-432E-875D-95A1F771A9BD}.Debug|Any CPU.ActiveCfg = Debug|Any CPU
		{A545F155-2968-432E-875D-95A1F771A9BD}.Debug|Any CPU.Build.0 = Debug|Any CPU
		{A545F155-2968-432E-875D-95A1F771A9BD}.Release|Any CPU.ActiveCfg = Release|Any CPU
		{A545F155-2968-432E-875D-95A1F771A9BD}.Release|Any CPU.Build.0 = Release|Any CPU
	EndGlobalSection
	GlobalSection(SolutionProperties) = preSolution
		HideSolutionNode = FALSE
	EndGlobalSection
	GlobalSection(ExtensibilityGlobals) = postSolution
		SolutionGuid = {06941F64-A113-4C6C-9137-D27AF87DFE16}
	EndGlobalSection
EndGlobal
