
Microsoft Visual Studio Solution File, Format Version 12.00
# Visual Studio Version 16
VisualStudioVersion = 16.0.29306.81
MinimumVisualStudioVersion = 10.0.40219.1
Project("{FAE04EC0-301F-11D3-BF4B-00C04F79EFBC}") = "Raw Data", "Raw Data\Raw Data.csproj", "{4DA275E3-C090-408A-80BC-7CF85706CD33}"
EndProject
Global
	GlobalSection(SolutionConfigurationPlatforms) = preSolution
		Debug|Any CPU = Debug|Any CPU
		Release|Any CPU = Release|Any CPU
	EndGlobalSection
	GlobalSection(ProjectConfigurationPlatforms) = postSolution
		{4DA275E3-C090-408A-80BC-7CF85706CD33}.Debug|Any CPU.ActiveCfg = Debug|Any CPU
		{4DA275E3-C090-408A-80BC-7CF85706CD33}.Debug|Any CPU.Build.0 = Debug|Any CPU
		{4DA275E3-C090-408A-80BC-7CF85706CD33}.Release|Any CPU.ActiveCfg = Release|Any CPU
		{4DA275E3-C090-408A-80BC-7CF85706CD33}.Release|Any CPU.Build.0 = Release|Any CPU
	EndGlobalSection
	GlobalSection(SolutionProperties) = preSolution
		HideSolutionNode = FALSE
	EndGlobalSection
	GlobalSection(ExtensibilityGlobals) = postSolution
		SolutionGuid = {8A0B8EA6-8E31-4BDF-8234-222C6AD0271F}
	EndGlobalSection
EndGlobal
