
Microsoft Visual Studio Solution File, Format Version 12.00
# Visual Studio Version 16
VisualStudioVersion = 16.0.29306.81
MinimumVisualStudioVersion = 10.0.40219.1
Project("{FAE04EC0-301F-11D3-BF4B-00C04F79EFBC}") = "Stack Sum", "Stack Sum\Stack Sum.csproj", "{A16F650A-39F5-4D70-ACD4-9E294C313EF6}"
EndProject
Global
	GlobalSection(SolutionConfigurationPlatforms) = preSolution
		Debug|Any CPU = Debug|Any CPU
		Release|Any CPU = Release|Any CPU
	EndGlobalSection
	GlobalSection(ProjectConfigurationPlatforms) = postSolution
		{A16F650A-39F5-4D70-ACD4-9E294C313EF6}.Debug|Any CPU.ActiveCfg = Debug|Any CPU
		{A16F650A-39F5-4D70-ACD4-9E294C313EF6}.Debug|Any CPU.Build.0 = Debug|Any CPU
		{A16F650A-39F5-4D70-ACD4-9E294C313EF6}.Release|Any CPU.ActiveCfg = Release|Any CPU
		{A16F650A-39F5-4D70-ACD4-9E294C313EF6}.Release|Any CPU.Build.0 = Release|Any CPU
	EndGlobalSection
	GlobalSection(SolutionProperties) = preSolution
		HideSolutionNode = FALSE
	EndGlobalSection
	GlobalSection(ExtensibilityGlobals) = postSolution
		SolutionGuid = {0C5663AA-5BDC-4DF9-A987-0512BC68E03A}
	EndGlobalSection
EndGlobal
