
Microsoft Visual Studio Solution File, Format Version 12.00
# Visual Studio Version 16
VisualStudioVersion = 16.0.29306.81
MinimumVisualStudioVersion = 10.0.40219.1
Project("{FAE04EC0-301F-11D3-BF4B-00C04F79EFBC}") = "Car Extension", "Car Extension\Car Extension.csproj", "{4CEEDA89-453B-44FA-A285-963EECB2FBE1}"
EndProject
Global
	GlobalSection(SolutionConfigurationPlatforms) = preSolution
		Debug|Any CPU = Debug|Any CPU
		Release|Any CPU = Release|Any CPU
	EndGlobalSection
	GlobalSection(ProjectConfigurationPlatforms) = postSolution
		{4CEEDA89-453B-44FA-A285-963EECB2FBE1}.Debug|Any CPU.ActiveCfg = Debug|Any CPU
		{4CEEDA89-453B-44FA-A285-963EECB2FBE1}.Debug|Any CPU.Build.0 = Debug|Any CPU
		{4CEEDA89-453B-44FA-A285-963EECB2FBE1}.Release|Any CPU.ActiveCfg = Release|Any CPU
		{4CEEDA89-453B-44FA-A285-963EECB2FBE1}.Release|Any CPU.Build.0 = Release|Any CPU
	EndGlobalSection
	GlobalSection(SolutionProperties) = preSolution
		HideSolutionNode = FALSE
	EndGlobalSection
	GlobalSection(ExtensibilityGlobals) = postSolution
		SolutionGuid = {37C7B747-395B-4157-AFCB-043E46A9ED2C}
	EndGlobalSection
EndGlobal
