
Microsoft Visual Studio Solution File, Format Version 12.00
# Visual Studio Version 16
VisualStudioVersion = 16.0.29306.81
MinimumVisualStudioVersion = 10.0.40219.1
Project("{FAE04EC0-301F-11D3-BF4B-00C04F79EFBC}") = "Jagged Array Manipulator", "Jagged Array Manipulator\Jagged Array Manipulator.csproj", "{550E94BF-5096-433E-8B7E-C864F6F93114}"
EndProject
Global
	GlobalSection(SolutionConfigurationPlatforms) = preSolution
		Debug|Any CPU = Debug|Any CPU
		Release|Any CPU = Release|Any CPU
	EndGlobalSection
	GlobalSection(ProjectConfigurationPlatforms) = postSolution
		{550E94BF-5096-433E-8B7E-C864F6F93114}.Debug|Any CPU.ActiveCfg = Debug|Any CPU
		{550E94BF-5096-433E-8B7E-C864F6F93114}.Debug|Any CPU.Build.0 = Debug|Any CPU
		{550E94BF-5096-433E-8B7E-C864F6F93114}.Release|Any CPU.ActiveCfg = Release|Any CPU
		{550E94BF-5096-433E-8B7E-C864F6F93114}.Release|Any CPU.Build.0 = Release|Any CPU
	EndGlobalSection
	GlobalSection(SolutionProperties) = preSolution
		HideSolutionNode = FALSE
	EndGlobalSection
	GlobalSection(ExtensibilityGlobals) = postSolution
		SolutionGuid = {0B13A323-B598-435C-806B-999EA2F7851E}
	EndGlobalSection
EndGlobal
