
Microsoft Visual Studio Solution File, Format Version 12.00
# Visual Studio Version 16
VisualStudioVersion = 16.0.29306.81
MinimumVisualStudioVersion = 10.0.40219.1
Project("{FAE04EC0-301F-11D3-BF4B-00C04F79EFBC}") = "Creating Constructors", "Creating Constructors\Creating Constructors.csproj", "{1FCE65E1-CD53-44C5-83B1-F023A895D1A8}"
EndProject
Global
	GlobalSection(SolutionConfigurationPlatforms) = preSolution
		Debug|Any CPU = Debug|Any CPU
		Release|Any CPU = Release|Any CPU
	EndGlobalSection
	GlobalSection(ProjectConfigurationPlatforms) = postSolution
		{1FCE65E1-CD53-44C5-83B1-F023A895D1A8}.Debug|Any CPU.ActiveCfg = Debug|Any CPU
		{1FCE65E1-CD53-44C5-83B1-F023A895D1A8}.Debug|Any CPU.Build.0 = Debug|Any CPU
		{1FCE65E1-CD53-44C5-83B1-F023A895D1A8}.Release|Any CPU.ActiveCfg = Release|Any CPU
		{1FCE65E1-CD53-44C5-83B1-F023A895D1A8}.Release|Any CPU.Build.0 = Release|Any CPU
	EndGlobalSection
	GlobalSection(SolutionProperties) = preSolution
		HideSolutionNode = FALSE
	EndGlobalSection
	GlobalSection(ExtensibilityGlobals) = postSolution
		SolutionGuid = {C43EC0F3-5148-4CBA-B0CE-6513BCCC5ED0}
	EndGlobalSection
EndGlobal
