
Microsoft Visual Studio Solution File, Format Version 12.00
# Visual Studio Version 16
VisualStudioVersion = 16.0.29306.81
MinimumVisualStudioVersion = 10.0.40219.1
Project("{FAE04EC0-301F-11D3-BF4B-00C04F79EFBC}") = "Sum Matrix Elements", "Sum Matrix Elements\Sum Matrix Elements.csproj", "{EE6789B1-2B15-4CB9-BDA4-E3E5F190FE4C}"
EndProject
Global
	GlobalSection(SolutionConfigurationPlatforms) = preSolution
		Debug|Any CPU = Debug|Any CPU
		Release|Any CPU = Release|Any CPU
	EndGlobalSection
	GlobalSection(ProjectConfigurationPlatforms) = postSolution
		{EE6789B1-2B15-4CB9-BDA4-E3E5F190FE4C}.Debug|Any CPU.ActiveCfg = Debug|Any CPU
		{EE6789B1-2B15-4CB9-BDA4-E3E5F190FE4C}.Debug|Any CPU.Build.0 = Debug|Any CPU
		{EE6789B1-2B15-4CB9-BDA4-E3E5F190FE4C}.Release|Any CPU.ActiveCfg = Release|Any CPU
		{EE6789B1-2B15-4CB9-BDA4-E3E5F190FE4C}.Release|Any CPU.Build.0 = Release|Any CPU
	EndGlobalSection
	GlobalSection(SolutionProperties) = preSolution
		HideSolutionNode = FALSE
	EndGlobalSection
	GlobalSection(ExtensibilityGlobals) = postSolution
		SolutionGuid = {8EE50D45-60D7-4459-AC1F-C84E0BB53172}
	EndGlobalSection
EndGlobal
