
Microsoft Visual Studio Solution File, Format Version 12.00
# Visual Studio Version 16
VisualStudioVersion = 16.0.29306.81
MinimumVisualStudioVersion = 10.0.40219.1
Project("{FAE04EC0-301F-11D3-BF4B-00C04F79EFBC}") = "Creating Constructors", "Creating Constructors\Creating Constructors.csproj", "{73DD011C-057B-41B7-926E-78DAD26696B4}"
EndProject
Global
	GlobalSection(SolutionConfigurationPlatforms) = preSolution
		Debug|Any CPU = Debug|Any CPU
		Release|Any CPU = Release|Any CPU
	EndGlobalSection
	GlobalSection(ProjectConfigurationPlatforms) = postSolution
		{73DD011C-057B-41B7-926E-78DAD26696B4}.Debug|Any CPU.ActiveCfg = Debug|Any CPU
		{73DD011C-057B-41B7-926E-78DAD26696B4}.Debug|Any CPU.Build.0 = Debug|Any CPU
		{73DD011C-057B-41B7-926E-78DAD26696B4}.Release|Any CPU.ActiveCfg = Release|Any CPU
		{73DD011C-057B-41B7-926E-78DAD26696B4}.Release|Any CPU.Build.0 = Release|Any CPU
	EndGlobalSection
	GlobalSection(SolutionProperties) = preSolution
		HideSolutionNode = FALSE
	EndGlobalSection
	GlobalSection(ExtensibilityGlobals) = postSolution
		SolutionGuid = {3D3CF4BB-935E-4C32-820E-CB79C0081401}
	EndGlobalSection
EndGlobal
