
Microsoft Visual Studio Solution File, Format Version 12.00
# Visual Studio Version 16
VisualStudioVersion = 16.0.29306.81
MinimumVisualStudioVersion = 10.0.40219.1
Project("{FAE04EC0-301F-11D3-BF4B-00C04F79EFBC}") = "Knight Game", "Knight Game\Knight Game.csproj", "{62F3F9CF-93AF-4E92-91AC-222D495A13B0}"
EndProject
Global
	GlobalSection(SolutionConfigurationPlatforms) = preSolution
		Debug|Any CPU = Debug|Any CPU
		Release|Any CPU = Release|Any CPU
	EndGlobalSection
	GlobalSection(ProjectConfigurationPlatforms) = postSolution
		{62F3F9CF-93AF-4E92-91AC-222D495A13B0}.Debug|Any CPU.ActiveCfg = Debug|Any CPU
		{62F3F9CF-93AF-4E92-91AC-222D495A13B0}.Debug|Any CPU.Build.0 = Debug|Any CPU
		{62F3F9CF-93AF-4E92-91AC-222D495A13B0}.Release|Any CPU.ActiveCfg = Release|Any CPU
		{62F3F9CF-93AF-4E92-91AC-222D495A13B0}.Release|Any CPU.Build.0 = Release|Any CPU
	EndGlobalSection
	GlobalSection(SolutionProperties) = preSolution
		HideSolutionNode = FALSE
	EndGlobalSection
	GlobalSection(ExtensibilityGlobals) = postSolution
		SolutionGuid = {FFE612B2-A955-4500-8EC0-919E1BDDEFE9}
	EndGlobalSection
EndGlobal
