
Microsoft Visual Studio Solution File, Format Version 12.00
# Visual Studio Version 16
VisualStudioVersion = 16.0.29306.81
MinimumVisualStudioVersion = 10.0.40219.1
Project("{FAE04EC0-301F-11D3-BF4B-00C04F79EFBC}") = "Basic Queue Operations", "Basic Queue Operations\Basic Queue Operations.csproj", "{F4870E20-6DCB-4953-B636-6D110C071C93}"
EndProject
Global
	GlobalSection(SolutionConfigurationPlatforms) = preSolution
		Debug|Any CPU = Debug|Any CPU
		Release|Any CPU = Release|Any CPU
	EndGlobalSection
	GlobalSection(ProjectConfigurationPlatforms) = postSolution
		{F4870E20-6DCB-4953-B636-6D110C071C93}.Debug|Any CPU.ActiveCfg = Debug|Any CPU
		{F4870E20-6DCB-4953-B636-6D110C071C93}.Debug|Any CPU.Build.0 = Debug|Any CPU
		{F4870E20-6DCB-4953-B636-6D110C071C93}.Release|Any CPU.ActiveCfg = Release|Any CPU
		{F4870E20-6DCB-4953-B636-6D110C071C93}.Release|Any CPU.Build.0 = Release|Any CPU
	EndGlobalSection
	GlobalSection(SolutionProperties) = preSolution
		HideSolutionNode = FALSE
	EndGlobalSection
	GlobalSection(ExtensibilityGlobals) = postSolution
		SolutionGuid = {5F4E9F5C-F395-43D4-A1FF-CDC0247F80C0}
	EndGlobalSection
EndGlobal
