
Microsoft Visual Studio Solution File, Format Version 12.00
# Visual Studio Version 16
VisualStudioVersion = 16.0.29306.81
MinimumVisualStudioVersion = 10.0.40219.1
Project("{FAE04EC0-301F-11D3-BF4B-00C04F79EFBC}") = "Folder Size", "Folder Size\Folder Size.csproj", "{95F7EEDD-3CF8-4BA1-85A6-8C330C0B3ACE}"
EndProject
Global
	GlobalSection(SolutionConfigurationPlatforms) = preSolution
		Debug|Any CPU = Debug|Any CPU
		Release|Any CPU = Release|Any CPU
	EndGlobalSection
	GlobalSection(ProjectConfigurationPlatforms) = postSolution
		{95F7EEDD-3CF8-4BA1-85A6-8C330C0B3ACE}.Debug|Any CPU.ActiveCfg = Debug|Any CPU
		{95F7EEDD-3CF8-4BA1-85A6-8C330C0B3ACE}.Debug|Any CPU.Build.0 = Debug|Any CPU
		{95F7EEDD-3CF8-4BA1-85A6-8C330C0B3ACE}.Release|Any CPU.ActiveCfg = Release|Any CPU
		{95F7EEDD-3CF8-4BA1-85A6-8C330C0B3ACE}.Release|Any CPU.Build.0 = Release|Any CPU
	EndGlobalSection
	GlobalSection(SolutionProperties) = preSolution
		HideSolutionNode = FALSE
	EndGlobalSection
	GlobalSection(ExtensibilityGlobals) = postSolution
		SolutionGuid = {7A33DF9A-FCB6-4FE7-82FE-D397598D194C}
	EndGlobalSection
EndGlobal
