
Microsoft Visual Studio Solution File, Format Version 12.00
# Visual Studio Version 16
VisualStudioVersion = 16.0.29306.81
MinimumVisualStudioVersion = 10.0.40219.1
Project("{FAE04EC0-301F-11D3-BF4B-00C04F79EFBC}") = "Sets of Elements", "Sets of Elements\Sets of Elements.csproj", "{BDF95556-CBD4-43B2-8377-8D33BBBC63E3}"
EndProject
Global
	GlobalSection(SolutionConfigurationPlatforms) = preSolution
		Debug|Any CPU = Debug|Any CPU
		Release|Any CPU = Release|Any CPU
	EndGlobalSection
	GlobalSection(ProjectConfigurationPlatforms) = postSolution
		{BDF95556-CBD4-43B2-8377-8D33BBBC63E3}.Debug|Any CPU.ActiveCfg = Debug|Any CPU
		{BDF95556-CBD4-43B2-8377-8D33BBBC63E3}.Debug|Any CPU.Build.0 = Debug|Any CPU
		{BDF95556-CBD4-43B2-8377-8D33BBBC63E3}.Release|Any CPU.ActiveCfg = Release|Any CPU
		{BDF95556-CBD4-43B2-8377-8D33BBBC63E3}.Release|Any CPU.Build.0 = Release|Any CPU
	EndGlobalSection
	GlobalSection(SolutionProperties) = preSolution
		HideSolutionNode = FALSE
	EndGlobalSection
	GlobalSection(ExtensibilityGlobals) = postSolution
		SolutionGuid = {F316590D-7E85-4663-AE58-EDEF6BB84372}
	EndGlobalSection
EndGlobal
