
Microsoft Visual Studio Solution File, Format Version 12.00
# Visual Studio Version 16
VisualStudioVersion = 16.0.29306.81
MinimumVisualStudioVersion = 10.0.40219.1
Project("{FAE04EC0-301F-11D3-BF4B-00C04F79EFBC}") = "Fast Food", "Fast Food\Fast Food.csproj", "{B4BD8B40-E7B7-4E24-A8FC-6C3176F751E2}"
EndProject
Global
	GlobalSection(SolutionConfigurationPlatforms) = preSolution
		Debug|Any CPU = Debug|Any CPU
		Release|Any CPU = Release|Any CPU
	EndGlobalSection
	GlobalSection(ProjectConfigurationPlatforms) = postSolution
		{B4BD8B40-E7B7-4E24-A8FC-6C3176F751E2}.Debug|Any CPU.ActiveCfg = Debug|Any CPU
		{B4BD8B40-E7B7-4E24-A8FC-6C3176F751E2}.Debug|Any CPU.Build.0 = Debug|Any CPU
		{B4BD8B40-E7B7-4E24-A8FC-6C3176F751E2}.Release|Any CPU.ActiveCfg = Release|Any CPU
		{B4BD8B40-E7B7-4E24-A8FC-6C3176F751E2}.Release|Any CPU.Build.0 = Release|Any CPU
	EndGlobalSection
	GlobalSection(SolutionProperties) = preSolution
		HideSolutionNode = FALSE
	EndGlobalSection
	GlobalSection(ExtensibilityGlobals) = postSolution
		SolutionGuid = {73FCB9A2-56A3-4424-83B7-DB74B933E528}
	EndGlobalSection
EndGlobal
