
Microsoft Visual Studio Solution File, Format Version 12.00
# Visual Studio Version 16
VisualStudioVersion = 16.0.29306.81
MinimumVisualStudioVersion = 10.0.40219.1
Project("{FAE04EC0-301F-11D3-BF4B-00C04F79EFBC}") = "Square with Maximum Sum", "Square with Maximum Sum\Square with Maximum Sum.csproj", "{ACA76279-A83C-4C3D-83C4-BDB618B5582D}"
EndProject
Global
	GlobalSection(SolutionConfigurationPlatforms) = preSolution
		Debug|Any CPU = Debug|Any CPU
		Release|Any CPU = Release|Any CPU
	EndGlobalSection
	GlobalSection(ProjectConfigurationPlatforms) = postSolution
		{ACA76279-A83C-4C3D-83C4-BDB618B5582D}.Debug|Any CPU.ActiveCfg = Debug|Any CPU
		{ACA76279-A83C-4C3D-83C4-BDB618B5582D}.Debug|Any CPU.Build.0 = Debug|Any CPU
		{ACA76279-A83C-4C3D-83C4-BDB618B5582D}.Release|Any CPU.ActiveCfg = Release|Any CPU
		{ACA76279-A83C-4C3D-83C4-BDB618B5582D}.Release|Any CPU.Build.0 = Release|Any CPU
	EndGlobalSection
	GlobalSection(SolutionProperties) = preSolution
		HideSolutionNode = FALSE
	EndGlobalSection
	GlobalSection(ExtensibilityGlobals) = postSolution
		SolutionGuid = {85ECE63F-366D-4C7C-8522-58DDC7E660E3}
	EndGlobalSection
EndGlobal
