
Microsoft Visual Studio Solution File, Format Version 12.00
# Visual Studio Version 16
VisualStudioVersion = 16.0.29306.81
MinimumVisualStudioVersion = 10.0.40219.1
Project("{FAE04EC0-301F-11D3-BF4B-00C04F79EFBC}") = "Opinion Poll", "Opinion Poll\Opinion Poll.csproj", "{4C85D2EF-D005-4B60-80C1-E82559F42943}"
EndProject
Global
	GlobalSection(SolutionConfigurationPlatforms) = preSolution
		Debug|Any CPU = Debug|Any CPU
		Release|Any CPU = Release|Any CPU
	EndGlobalSection
	GlobalSection(ProjectConfigurationPlatforms) = postSolution
		{4C85D2EF-D005-4B60-80C1-E82559F42943}.Debug|Any CPU.ActiveCfg = Debug|Any CPU
		{4C85D2EF-D005-4B60-80C1-E82559F42943}.Debug|Any CPU.Build.0 = Debug|Any CPU
		{4C85D2EF-D005-4B60-80C1-E82559F42943}.Release|Any CPU.ActiveCfg = Release|Any CPU
		{4C85D2EF-D005-4B60-80C1-E82559F42943}.Release|Any CPU.Build.0 = Release|Any CPU
	EndGlobalSection
	GlobalSection(SolutionProperties) = preSolution
		HideSolutionNode = FALSE
	EndGlobalSection
	GlobalSection(ExtensibilityGlobals) = postSolution
		SolutionGuid = {30256796-3162-4536-8FB3-62C054CF0CD7}
	EndGlobalSection
EndGlobal
